{
    "_readme": [
        "This file locks the dependencies of your project to a known state",
        "Read more about it at https://getcomposer.org/doc/01-basic-usage.md#installing-dependencies",
        "This file is @generated automatically"
    ],
    "content-hash": "366084aee71d39997068c3df9f9c2eda",
    "packages": [
        {
            "name": "leafs/anchor",
            "version": "v1.6.2",
            "source": {
                "type": "git",
                "url": "https://github.com/leafsphp/anchor.git",
                "reference": "f4508398e87045b946b7e83f709790b491b0bb04"
            },
            "dist": {
                "type": "zip",
                "url": "https://api.github.com/repos/leafsphp/anchor/zipball/f4508398e87045b946b7e83f709790b491b0bb04",
                "reference": "f4508398e87045b946b7e83f709790b491b0bb04",
                "shasum": ""
            },
            "require-dev": {
                "pestphp/pest": "^1.21"
            },
            "type": "library",
            "autoload": {
                "psr-4": {
                    "Leaf\\": "src"
                }
            },
            "notification-url": "https://packagist.org/downloads/",
            "license": [
                "MIT"
            ],
            "authors": [
                {
                    "name": "Michael Darko",
                    "email": "mickdd22@gmail.com",
                    "homepage": "https://mychi.netlify.app",
                    "role": "Developer"
                }
            ],
            "description": "Leaf PHP util module",
            "homepage": "https://leafphp.netlify.app/#/",
            "keywords": [
                "framework",
                "leaf",
                "php",
                "util"
            ],
            "support": {
                "issues": "https://github.com/leafsphp/anchor/issues",
                "source": "https://github.com/leafsphp/anchor/tree/v1.6.2"
            },
            "funding": [
                {
                    "url": "https://github.com/leafsphp",
                    "type": "github"
                },
                {
                    "url": "https://opencollective.com/leaf",
                    "type": "open_collective"
                }
            ],
            "time": "2024-10-10T13:55:24+00:00"
        },
        {
            "name": "leafs/auth",
            "version": "v2.4",
            "source": {
                "type": "git",
                "url": "https://github.com/leafsphp/auth.git",
                "reference": "115dca27e3e95e2bff2aea4ff785942cb089c617"
            },
            "dist": {
                "type": "zip",
                "url": "https://api.github.com/repos/leafsphp/auth/zipball/115dca27e3e95e2bff2aea4ff785942cb089c617",
                "reference": "115dca27e3e95e2bff2aea4ff785942cb089c617",
                "shasum": ""
            },
            "require": {
                "leafs/date": "*",
                "leafs/db": "*",
                "leafs/form": "*",
                "leafs/http": "*",
                "leafs/password": "*",
                "leafs/session": "*"
            },
            "require-dev": {
                "leafs/alchemy": "^1.0",
                "pestphp/pest": "^1.0 | ^2.0"
            },
            "type": "library",
            "autoload": {
                "files": [
                    "src/functions.php"
                ],
                "psr-4": {
                    "Leaf\\": "src"
                }
            },
            "notification-url": "https://packagist.org/downloads/",
            "license": [
                "MIT"
            ],
            "authors": [
                {
                    "name": "Michael Darko",
                    "email": "mickdd22@gmail.com",
                    "homepage": "https://mychi.netlify.app",
                    "role": "Developer"
                }
            ],
            "description": "Leaf PHP auth helper",
            "homepage": "https://leafphp.netlify.app/#/",
            "keywords": [
                "Authentication",
                "framework",
                "leaf",
                "login",
                "php",
                "register",
                "simple auth"
            ],
            "support": {
                "issues": "https://github.com/leafsphp/auth/issues",
                "source": "https://github.com/leafsphp/auth/tree/v2.4"
            },
            "funding": [
                {
                    "url": "https://github.com/leafsphp",
                    "type": "github"
                },
                {
                    "url": "https://opencollective.com/leaf",
                    "type": "open_collective"
                }
            ],
            "time": "2024-08-17T05:19:28+00:00"
        },
        {
            "name": "leafs/date",
            "version": "v4.0",
            "source": {
                "type": "git",
                "url": "https://github.com/leafsphp/date.git",
                "reference": "dad830976ab4f70a53ff7ef2a41dff2ed5b58f7c"
            },
            "dist": {
                "type": "zip",
                "url": "https://api.github.com/repos/leafsphp/date/zipball/dad830976ab4f70a53ff7ef2a41dff2ed5b58f7c",
                "reference": "dad830976ab4f70a53ff7ef2a41dff2ed5b58f7c",
                "shasum": ""
            },
            "require-dev": {
                "friendsofphp/php-cs-fixer": "^3.14",
                "leafs/alchemy": "^4.0",
                "pestphp/pest": "*"
            },
            "type": "library",
            "autoload": {
                "files": [
                    "src/functions.php"
                ],
                "psr-4": {
                    "Leaf\\": "src"
                }
            },
            "notification-url": "https://packagist.org/downloads/",
            "license": [
                "MIT"
            ],
            "authors": [
                {
                    "name": "Michael Darko",
                    "email": "mickdd22@gmail.com",
                    "homepage": "https://mychi.netlify.app",
                    "role": "Developer"
                }
            ],
            "description": "Leaf PHP date module",
            "homepage": "https://leafphp.netlify.app/#/",
            "keywords": [
                "date",
                "datetime",
                "framework",
                "leaf",
                "php",
                "time"
            ],
            "support": {
                "issues": "https://github.com/leafsphp/date/issues",
                "source": "https://github.com/leafsphp/date/tree/v4.0"
            },
            "funding": [
                {
                    "url": "https://github.com/leafsphp",
                    "type": "github"
                },
                {
                    "url": "https://opencollective.com/leaf",
                    "type": "open_collective"
                }
            ],
            "time": "2025-03-31T12:12:24+00:00"
        },
        {
            "name": "leafs/db",
            "version": "2.4.1",
            "source": {
                "type": "git",
                "url": "https://github.com/leafsphp/db.git",
                "reference": "40ece75be5525983f690a4b629232112c6f6250f"
            },
            "dist": {
                "type": "zip",
                "url": "https://api.github.com/repos/leafsphp/db/zipball/40ece75be5525983f690a4b629232112c6f6250f",
                "reference": "40ece75be5525983f690a4b629232112c6f6250f",
                "shasum": ""
            },
            "require": {
                "ext-pdo": "*"
            },
            "require-dev": {
                "friendsofphp/php-cs-fixer": "^3.14",
                "leafs/alchemy": "^2.2",
                "pestphp/pest": "^1.21"
            },
            "type": "library",
            "autoload": {
                "files": [
                    "src/functions.php"
                ],
                "psr-4": {
                    "Leaf\\": "src"
                }
            },
            "notification-url": "https://packagist.org/downloads/",
            "license": [
                "MIT"
            ],
            "authors": [
                {
                    "name": "Michael Darko",
                    "email": "mickdd22@gmail.com",
                    "homepage": "https://mychi.netlify.app",
                    "role": "Developer"
                }
            ],
            "description": "Leaf PHP db module.",
            "homepage": "https://leafphp.dev/modules/db/",
            "keywords": [
                "database",
                "framework",
                "leaf",
                "orm",
                "php"
            ],
            "support": {
                "issues": "https://github.com/leafsphp/db/issues",
                "source": "https://github.com/leafsphp/db/tree/2.4.1"
            },
            "funding": [
                {
                    "url": "https://github.com/leafsphp",
                    "type": "github"
                },
                {
                    "url": "https://opencollective.com/leaf",
                    "type": "open_collective"
                }
            ],
            "time": "2025-02-08T21:32:41+00:00"
        },
        {
            "name": "leafs/exception",
            "version": "v3.6.3",
            "source": {
                "type": "git",
                "url": "https://github.com/leafsphp/exceptions.git",
                "reference": "1a8cf4b1733668525aa2b7da8b0698a4408d4175"
            },
            "dist": {
                "type": "zip",
                "url": "https://api.github.com/repos/leafsphp/exceptions/zipball/1a8cf4b1733668525aa2b7da8b0698a4408d4175",
                "reference": "1a8cf4b1733668525aa2b7da8b0698a4408d4175",
                "shasum": ""
            },
            "require": {
                "php": "^5.5.9 || ^7.0 || ^8.0",
                "psr/log": "^1.0.1 || ^2.0 || ^3.0"
            },
            "require-dev": {
                "mockery/mockery": "^0.9 || ^1.0",
                "phpunit/phpunit": "^4.8.36 || ^5.7.27 || ^6.5.14 || ^7.5.20 || ^8.5.8 || ^9.3.3",
                "symfony/var-dumper": "^2.6 || ^3.0 || ^4.0 || ^5.0"
            },
            "suggest": {
                "symfony/var-dumper": "Pretty print complex values better with var-dumper available",
                "whoops/soap": "Formats errors as SOAP responses"
            },
            "type": "library",
            "autoload": {
                "psr-4": {
                    "Leaf\\": "src"
                }
            },
            "notification-url": "https://packagist.org/downloads/",
            "license": [
                "MIT"
            ],
            "authors": [
                {
                    "name": "Filipe Dobreira",
                    "homepage": "https://github.com/filp",
                    "role": "Developer"
                },
                {
                    "name": "Michael Darko",
                    "email": "mickdd22@gmail.com",
                    "homepage": "https://mychi.netlify.app",
                    "role": "Developer"
                }
            ],
            "description": "Error handler for leaf (fork of whoops)",
            "homepage": "https://github.com/leafsphp/exception",
            "keywords": [
                "error",
                "exception",
                "handling",
                "library",
                "throwable",
                "whoops"
            ],
            "support": {
                "source": "https://github.com/leafsphp/exceptions/tree/v3.6.3"
            },
            "funding": [
                {
                    "url": "https://github.com/denis-sokolov",
                    "type": "github"
                }
            ],
            "time": "2025-02-22T07:21:01+00:00"
        },
        {
            "name": "leafs/form",
            "version": "v3.2",
            "source": {
                "type": "git",
                "url": "https://github.com/leafsphp/form.git",
                "reference": "0b050d7150f74239322020f68698f6fbe142738a"
            },
            "dist": {
                "type": "zip",
                "url": "https://api.github.com/repos/leafsphp/form/zipball/0b050d7150f74239322020f68698f6fbe142738a",
                "reference": "0b050d7150f74239322020f68698f6fbe142738a",
                "shasum": ""
            },
            "require": {
                "ext-json": "*",
                "leafs/anchor": "*"
            },
            "require-dev": {
                "friendsofphp/php-cs-fixer": "^3.0",
                "leafs/alchemy": "^2.1",
                "pestphp/pest": "^1.22"
            },
            "type": "library",
            "autoload": {
                "files": [
                    "src/functions.php"
                ],
                "psr-4": {
                    "Leaf\\": "src"
                }
            },
            "notification-url": "https://packagist.org/downloads/",
            "license": [
                "MIT"
            ],
            "authors": [
                {
                    "name": "Michael Darko",
                    "email": "mickdd22@gmail.com",
                    "homepage": "https://mychi.netlify.app",
                    "role": "Developer"
                }
            ],
            "description": "Simple straightup data validation",
            "homepage": "https://leafphp.dev/modules/forms/",
            "keywords": [
                "form",
                "framework",
                "leaf",
                "php",
                "validation"
            ],
            "support": {
                "issues": "https://github.com/leafsphp/form/issues",
                "source": "https://github.com/leafsphp/form/tree/v3.2"
            },
            "funding": [
                {
                    "url": "https://github.com/leafsphp",
                    "type": "github"
                },
                {
                    "url": "https://opencollective.com/leaf",
                    "type": "open_collective"
                }
            ],
            "time": "2024-11-09T03:39:36+00:00"
        },
        {
            "name": "leafs/fs",
            "version": "v1.3.0",
            "source": {
                "type": "git",
                "url": "https://github.com/leafsphp/fs.git",
                "reference": "9ce15e17db85f70f90a673b3cb8309f939423abc"
            },
            "dist": {
                "type": "zip",
                "url": "https://api.github.com/repos/leafsphp/fs/zipball/9ce15e17db85f70f90a673b3cb8309f939423abc",
                "reference": "9ce15e17db85f70f90a673b3cb8309f939423abc",
                "shasum": ""
            },
            "require": {
                "symfony/finder": "^5.3|^6.0"
            },
            "require-dev": {
                "pestphp/pest": "^1.21"
            },
            "type": "library",
            "autoload": {
                "psr-4": {
                    "Leaf\\": "src"
                }
            },
            "notification-url": "https://packagist.org/downloads/",
            "license": [
                "MIT"
            ],
            "authors": [
                {
                    "name": "Michael Darko",
                    "email": "mickdd22@gmail.com",
                    "homepage": "https://mychi.netlify.app",
                    "role": "Developer"
                }
            ],
            "description": "Leaf PHP session + flash modules",
            "homepage": "https://leafphp.netlify.app/#/",
            "keywords": [
                "files",
                "filesystem",
                "framework",
                "fs",
                "leaf",
                "php"
            ],
            "support": {
                "issues": "https://github.com/leafsphp/fs/issues",
                "source": "https://github.com/leafsphp/fs/tree/v1.3.0"
            },
            "funding": [
                {
                    "url": "https://github.com/leafsphp",
                    "type": "github"
                },
                {
                    "url": "https://opencollective.com/leaf",
                    "type": "open_collective"
                }
            ],
            "time": "2024-08-17T05:01:25+00:00"
        },
        {
            "name": "leafs/http",
            "version": "v2.8",
            "source": {
                "type": "git",
                "url": "https://github.com/leafsphp/http.git",
                "reference": "78dca3cfafe47d54ce8cd729b386d3aa436cd294"
            },
            "dist": {
                "type": "zip",
                "url": "https://api.github.com/repos/leafsphp/http/zipball/78dca3cfafe47d54ce8cd729b386d3aa436cd294",
                "reference": "78dca3cfafe47d54ce8cd729b386d3aa436cd294",
                "shasum": ""
            },
            "require": {
                "leafs/anchor": "*",
                "leafs/form": "*",
                "leafs/fs": "^1.3"
            },
            "type": "library",
            "autoload": {
                "files": [
                    "src/functions.php"
                ],
                "psr-4": {
                    "Leaf\\Http\\": "src"
                }
            },
            "notification-url": "https://packagist.org/downloads/",
            "license": [
                "MIT"
            ],
            "authors": [
                {
                    "name": "Michael Darko",
                    "email": "mickdd22@gmail.com",
                    "homepage": "https://mychi.netlify.app",
                    "role": "Developer"
                }
            ],
            "description": "Http abstraction for Leaf PHP",
            "homepage": "https://leafphp.dev/modules/http/v/2/request.html",
            "keywords": [
                "framework",
                "headers",
                "http",
                "leaf",
                "php",
                "request",
                "response"
            ],
            "support": {
                "issues": "https://github.com/leafsphp/http/issues",
                "source": "https://github.com/leafsphp/http/tree/v2.8"
            },
            "funding": [
                {
                    "url": "https://github.com/leafsphp",
                    "type": "github"
                },
                {
                    "url": "https://opencollective.com/leaf",
                    "type": "open_collective"
                }
            ],
            "time": "2024-11-06T14:02:25+00:00"
        },
        {
            "name": "leafs/leaf",
            "version": "v3.12",
            "source": {
                "type": "git",
                "url": "https://github.com/leafsphp/leaf.git",
                "reference": "d09dde25e11cd23691515f609a178c5cad7995de"
            },
            "dist": {
                "type": "zip",
                "url": "https://api.github.com/repos/leafsphp/leaf/zipball/d09dde25e11cd23691515f609a178c5cad7995de",
                "reference": "d09dde25e11cd23691515f609a178c5cad7995de",
                "shasum": ""
            },
            "require": {
                "leafs/anchor": "*",
                "leafs/exception": "*",
                "leafs/http": "*",
                "php": "^7.4|^8.0"
            },
            "require-dev": {
                "friendsofphp/php-cs-fixer": "^3.64",
                "leafs/alchemy": "^2.0",
                "pestphp/pest": "*"
            },
            "type": "library",
            "autoload": {
                "files": [
                    "src/functions.php"
                ],
                "psr-4": {
                    "Leaf\\": "src"
                }
            },
            "notification-url": "https://packagist.org/downloads/",
            "license": [
                "MIT"
            ],
            "authors": [
                {
                    "name": "Michael Darko",
                    "email": "mickdd22@gmail.com",
                    "homepage": "https://mychi.netlify.app",
                    "role": "Developer"
                }
            ],
            "description": "Elegant PHP for modern developers",
            "homepage": "https://leafphp.dev",
            "keywords": [
                "framework",
                "leaf",
                "microframework",
                "php",
                "rest",
                "router"
            ],
            "support": {
                "issues": "https://github.com/leafsphp/leaf/issues",
                "source": "https://github.com/leafsphp/leaf/tree/v3.12"
            },
            "funding": [
                {
                    "url": "https://github.com/leafsphp",
                    "type": "github"
                },
                {
                    "url": "https://opencollective.com/leaf",
                    "type": "open_collective"
                }
            ],
            "time": "2025-02-10T01:17:43+00:00"
        },
        {
            "name": "leafs/password",
            "version": "v1.0",
            "source": {
                "type": "git",
                "url": "https://github.com/leafsphp/password.git",
                "reference": "f720c3b18c6c6efeaeb67d1cfad336febd4c7f94"
            },
            "dist": {
                "type": "zip",
                "url": "https://api.github.com/repos/leafsphp/password/zipball/f720c3b18c6c6efeaeb67d1cfad336febd4c7f94",
                "reference": "f720c3b18c6c6efeaeb67d1cfad336febd4c7f94",
                "shasum": ""
            },
            "type": "library",
            "autoload": {
                "psr-4": {
                    "Leaf\\Helpers\\": "src"
                }
            },
            "notification-url": "https://packagist.org/downloads/",
            "license": [
                "MIT"
            ],
            "authors": [
                {
                    "name": "Michael Darko",
                    "email": "mickdd22@gmail.com",
                    "homepage": "https://mychi.netlify.app",
                    "role": "Developer"
                }
            ],
            "description": "Leaf PHP password helper",
            "homepage": "https://leafphp.netlify.app/#/",
            "keywords": [
                "framework",
                "leaf",
                "php",
                "simple templating",
                "template",
                "view"
            ],
            "support": {
                "issues": "https://github.com/leafsphp/password/issues",
                "source": "https://github.com/leafsphp/password/tree/v1.0"
            },
            "funding": [
                {
                    "url": "https://opencollective.com/leaf",
                    "type": "open_collective"
                }
            ],
            "time": "2021-09-19T12:27:19+00:00"
        },
        {
            "name": "leafs/session",
            "version": "v4.0.1",
            "source": {
                "type": "git",
                "url": "https://github.com/leafsphp/session.git",
                "reference": "84f7d1672df71fc349ac39be9d69d847d93c86c4"
            },
            "dist": {
                "type": "zip",
                "url": "https://api.github.com/repos/leafsphp/session/zipball/84f7d1672df71fc349ac39be9d69d847d93c86c4",
                "reference": "84f7d1672df71fc349ac39be9d69d847d93c86c4",
                "shasum": ""
            },
            "require": {
                "leafs/anchor": "*"
            },
            "require-dev": {
                "friendsofphp/php-cs-fixer": "^3.0",
                "leafs/alchemy": "^2.2",
                "pestphp/pest": "^1.21"
            },
            "type": "library",
            "autoload": {
                "files": [
                    "src/functions.php"
                ],
                "psr-4": {
                    "Leaf\\": "src"
                }
            },
            "notification-url": "https://packagist.org/downloads/",
            "license": [
                "MIT"
            ],
            "authors": [
                {
                    "name": "Michael Darko",
                    "email": "mickdd22@gmail.com",
                    "homepage": "https://mychi.netlify.app",
                    "role": "Developer"
                }
            ],
            "description": "Leaf PHP session + flash modules",
            "homepage": "https://leafphp.dev/modules/session/",
            "keywords": [
                "flash",
                "framework",
                "http",
                "leaf",
                "php",
                "session"
            ],
            "support": {
                "issues": "https://github.com/leafsphp/session/issues",
                "source": "https://github.com/leafsphp/session/tree/v4.0.1"
            },
            "funding": [
                {
                    "url": "https://github.com/leafsphp",
                    "type": "github"
                },
                {
                    "url": "https://opencollective.com/leaf",
                    "type": "open_collective"
                }
            ],
            "time": "2025-03-08T17:04:14+00:00"
        },
        {
            "name": "psr/log",
            "version": "3.0.2",
            "source": {
                "type": "git",
                "url": "https://github.com/php-fig/log.git",
                "reference": "f16e1d5863e37f8d8c2a01719f5b34baa2b714d3"
            },
            "dist": {
                "type": "zip",
                "url": "https://api.github.com/repos/php-fig/log/zipball/f16e1d5863e37f8d8c2a01719f5b34baa2b714d3",
                "reference": "f16e1d5863e37f8d8c2a01719f5b34baa2b714d3",
                "shasum": ""
            },
            "require": {
                "php": ">=8.0.0"
            },
            "type": "library",
            "extra": {
                "branch-alias": {
                    "dev-master": "3.x-dev"
                }
            },
            "autoload": {
                "psr-4": {
                    "Psr\\Log\\": "src"
                }
            },
            "notification-url": "https://packagist.org/downloads/",
            "license": [
                "MIT"
            ],
            "authors": [
                {
                    "name": "PHP-FIG",
                    "homepage": "https://www.php-fig.org/"
                }
            ],
            "description": "Common interface for logging libraries",
            "homepage": "https://github.com/php-fig/log",
            "keywords": [
                "log",
                "psr",
                "psr-3"
            ],
            "support": {
                "source": "https://github.com/php-fig/log/tree/3.0.2"
            },
            "time": "2024-09-11T13:17:53+00:00"
        },
        {
            "name": "symfony/finder",
            "version": "v6.4.24",
            "source": {
                "type": "git",
                "url": "https://github.com/symfony/finder.git",
                "reference": "73089124388c8510efb8d2d1689285d285937b08"
            },
            "dist": {
                "type": "zip",
                "url": "https://api.github.com/repos/symfony/finder/zipball/73089124388c8510efb8d2d1689285d285937b08",
                "reference": "73089124388c8510efb8d2d1689285d285937b08",
                "shasum": ""
            },
            "require": {
                "php": ">=8.1"
            },
            "require-dev": {
                "symfony/filesystem": "^6.0|^7.0"
            },
            "type": "library",
            "autoload": {
                "psr-4": {
                    "Symfony\\Component\\Finder\\": ""
                },
                "exclude-from-classmap": [
                    "/Tests/"
                ]
            },
            "notification-url": "https://packagist.org/downloads/",
            "license": [
                "MIT"
            ],
            "authors": [
                {
                    "name": "Fabien Potencier",
                    "email": "fabien@symfony.com"
                },
                {
                    "name": "Symfony Community",
                    "homepage": "https://symfony.com/contributors"
                }
            ],
            "description": "Finds files and directories via an intuitive fluent interface",
            "homepage": "https://symfony.com",
            "support": {
                "source": "https://github.com/symfony/finder/tree/v6.4.24"
            },
            "funding": [
                {
                    "url": "https://symfony.com/sponsor",
                    "type": "custom"
                },
                {
                    "url": "https://github.com/fabpot",
                    "type": "github"
                },
                {
                    "url": "https://github.com/nicolas-grekas",
                    "type": "github"
                },
                {
                    "url": "https://tidelift.com/funding/github/packagist/symfony/symfony",
                    "type": "tidelift"
                }
            ],
            "time": "2025-07-15T12:02:45+00:00"
        }
    ],
    "packages-dev": [],
    "aliases": [],
    "minimum-stability": "stable",
    "stability-flags": {},
    "prefer-stable": false,
    "prefer-lowest": false,
    "platform": {},
    "platform-dev": {},
    "plugin-api-version": "2.6.0"
}
